
Microsoft Visual Studio Solution File, Format Version 12.00
# Visual Studio 15
Project("{FAE04EC0-301F-11D3-BF4B-00C04F79EFBC}") = "Submerged_Project", "Assembly-CSharp-firstpass.csproj", "{048B54B0-D770-6B0F-83CA-AFBF5A3BDAA9}"
EndProject
Project("{FAE04EC0-301F-11D3-BF4B-00C04F79EFBC}") = "Submerged_Project", "Assembly-CSharp.csproj", "{FFC669D6-DF91-C543-40E8-341B6DC03447}"
EndProject
Global
	GlobalSection(SolutionConfigurationPlatforms) = preSolution
		Debug|Any CPU = Debug|Any CPU
		Release|Any CPU = Release|Any CPU
	EndGlobalSection
	GlobalSection(ProjectConfigurationPlatforms) = postSolution
		{048B54B0-D770-6B0F-83CA-AFBF5A3BDAA9}.Debug|Any CPU.ActiveCfg = Debug|Any CPU
		{048B54B0-D770-6B0F-83CA-AFBF5A3BDAA9}.Debug|Any CPU.Build.0 = Debug|Any CPU
		{048B54B0-D770-6B0F-83CA-AFBF5A3BDAA9}.Release|Any CPU.ActiveCfg = Release|Any CPU
		{048B54B0-D770-6B0F-83CA-AFBF5A3BDAA9}.Release|Any CPU.Build.0 = Release|Any CPU
		{FFC669D6-DF91-C543-40E8-341B6DC03447}.Debug|Any CPU.ActiveCfg = Debug|Any CPU
		{FFC669D6-DF91-C543-40E8-341B6DC03447}.Debug|Any CPU.Build.0 = Debug|Any CPU
		{FFC669D6-DF91-C543-40E8-341B6DC03447}.Release|Any CPU.ActiveCfg = Release|Any CPU
		{FFC669D6-DF91-C543-40E8-341B6DC03447}.Release|Any CPU.Build.0 = Release|Any CPU
	EndGlobalSection
	GlobalSection(SolutionProperties) = preSolution
		HideSolutionNode = FALSE
	EndGlobalSection
EndGlobal
